// !$*UTF8*$!
{
	archiveVersion = 1;
	classes = {
	};
	objectVersion = 46;
	objects = {

/* Begin PBXBuildFile section */
		75147BAF191961BB002FF952 /* FormItemCell.m in Sources */ = {isa = PBXBuildFile; fileRef = 75147BAE191961BB002FF952 /* FormItemCell.m */; };
		75147BB51919629D002FF952 /* FormItemListCell.m in Sources */ = {isa = PBXBuildFile; fileRef = 75147BB41919629D002FF952 /* FormItemListCell.m */; };
		75147BB8191962A9002FF952 /* FormItemPhotoCell.m in Sources */ = {isa = PBXBuildFile; fileRef = 75147BB7191962A9002FF952 /* FormItemPhotoCell.m */; };
		75147BBB191962C6002FF952 /* FormItemTextViewCell.m in Sources */ = {isa = PBXBuildFile; fileRef = 75147BBA191962C6002FF952 /* FormItemTextViewCell.m */; };
		75147BBE191962DF002FF952 /* FormItemSwitchCell.m in Sources */ = {isa = PBXBuildFile; fileRef = 75147BBD191962DF002FF952 /* FormItemSwitchCell.m */; };
		75147BC1191962EE002FF952 /* FormItemSliderCell.m in Sources */ = {isa = PBXBuildFile; fileRef = 75147BC0191962EE002FF952 /* FormItemSliderCell.m */; };
		75147BC61919653A002FF952 /* ListCell.xib in Resources */ = {isa = PBXBuildFile; fileRef = 75147BC51919653A002FF952 /* ListCell.xib */; };
		75147BC819196542002FF952 /* PhotoCell.xib in Resources */ = {isa = PBXBuildFile; fileRef = 75147BC719196542002FF952 /* PhotoCell.xib */; };
		75147BCA19196553002FF952 /* TextViewCell.xib in Resources */ = {isa = PBXBuildFile; fileRef = 75147BC919196553002FF952 /* TextViewCell.xib */; };
		75147BCC1919656A002FF952 /* SwitchCell.xib in Resources */ = {isa = PBXBuildFile; fileRef = 75147BCB1919656A002FF952 /* SwitchCell.xib */; };
		75147BCE19196578002FF952 /* SliderCell.xib in Resources */ = {isa = PBXBuildFile; fileRef = 75147BCD19196578002FF952 /* SliderCell.xib */; };
		75215B1F191916A800417D56 /* Foundation.framework in Frameworks */ = {isa = PBXBuildFile; fileRef = 75215B1E191916A800417D56 /* Foundation.framework */; };
		75215B21191916A800417D56 /* CoreGraphics.framework in Frameworks */ = {isa = PBXBuildFile; fileRef = 75215B20191916A800417D56 /* CoreGraphics.framework */; };
		75215B23191916A800417D56 /* UIKit.framework in Frameworks */ = {isa = PBXBuildFile; fileRef = 75215B22191916A800417D56 /* UIKit.framework */; };
		75215B29191916A800417D56 /* InfoPlist.strings in Resources */ = {isa = PBXBuildFile; fileRef = 75215B27191916A800417D56 /* InfoPlist.strings */; };
		75215B2B191916A800417D56 /* main.m in Sources */ = {isa = PBXBuildFile; fileRef = 75215B2A191916A800417D56 /* main.m */; };
		75215B2F191916A800417D56 /* AppDelegate.m in Sources */ = {isa = PBXBuildFile; fileRef = 75215B2E191916A800417D56 /* AppDelegate.m */; };
		75215B31191916A800417D56 /* Images.xcassets in Resources */ = {isa = PBXBuildFile; fileRef = 75215B30191916A800417D56 /* Images.xcassets */; };
		75215B38191916A800417D56 /* XCTest.framework in Frameworks */ = {isa = PBXBuildFile; fileRef = 75215B37191916A800417D56 /* XCTest.framework */; };
		75215B39191916A800417D56 /* Foundation.framework in Frameworks */ = {isa = PBXBuildFile; fileRef = 75215B1E191916A800417D56 /* Foundation.framework */; };
		75215B3A191916A800417D56 /* UIKit.framework in Frameworks */ = {isa = PBXBuildFile; fileRef = 75215B22191916A800417D56 /* UIKit.framework */; };
		75215B42191916A800417D56 /* InfoPlist.strings in Resources */ = {isa = PBXBuildFile; fileRef = 75215B40191916A800417D56 /* InfoPlist.strings */; };
		75215B44191916A800417D56 /* DynamicFeedbackFormTests.m in Sources */ = {isa = PBXBuildFile; fileRef = 75215B43191916A800417D56 /* DynamicFeedbackFormTests.m */; };
		75215B551919343600417D56 /* FormItemsTableViewController.m in Sources */ = {isa = PBXBuildFile; fileRef = 75215B541919343600417D56 /* FormItemsTableViewController.m */; };
		75215B591919373600417D56 /* StartupViewController.m in Sources */ = {isa = PBXBuildFile; fileRef = 75215B571919373600417D56 /* StartupViewController.m */; };
		75215B5D19193C8900417D56 /* FormItemsManager.m in Sources */ = {isa = PBXBuildFile; fileRef = 75215B5C19193C8900417D56 /* FormItemsManager.m */; };
		75215B6019193D6100417D56 /* FormItem.m in Sources */ = {isa = PBXBuildFile; fileRef = 75215B5F19193D6100417D56 /* FormItem.m */; };
		7535AD341924B8DE00B0C674 /* FormItemLongListCell.m in Sources */ = {isa = PBXBuildFile; fileRef = 7535AD331924B8DE00B0C674 /* FormItemLongListCell.m */; };
		7535AD361924B8EE00B0C674 /* LongListCell.xib in Resources */ = {isa = PBXBuildFile; fileRef = 7535AD351924B8EE00B0C674 /* LongListCell.xib */; };
		7593E180191AA08800DA6571 /* FormItemTextFieldCell.m in Sources */ = {isa = PBXBuildFile; fileRef = 7593E17F191AA08800DA6571 /* FormItemTextFieldCell.m */; };
		7593E184191AA27400DA6571 /* TextFieldCell.xib in Resources */ = {isa = PBXBuildFile; fileRef = 7593E183191AA27400DA6571 /* TextFieldCell.xib */; };
		75FCFE5D192B3AEB00D046F7 /* FormItemStarRatingCell.m in Sources */ = {isa = PBXBuildFile; fileRef = 75FCFE5C192B3AEB00D046F7 /* FormItemStarRatingCell.m */; };
		75FCFE5F192B3B0A00D046F7 /* StarRatingCell.xib in Resources */ = {isa = PBXBuildFile; fileRef = 75FCFE5E192B3B0A00D046F7 /* StarRatingCell.xib */; };
		79326009191AD42B0051D6F7 /* RESTService.m in Sources */ = {isa = PBXBuildFile; fileRef = 79326008191AD42B0051D6F7 /* RESTService.m */; };
		7932600A191AD42B0051D6F7 /* RESTService.m in Sources */ = {isa = PBXBuildFile; fileRef = 79326008191AD42B0051D6F7 /* RESTService.m */; };
		7932600E191AD88F0051D6F7 /* NSDictionary+JSON.m in Sources */ = {isa = PBXBuildFile; fileRef = 7932600D191AD88F0051D6F7 /* NSDictionary+JSON.m */; };
		7932600F191AD88F0051D6F7 /* NSDictionary+JSON.m in Sources */ = {isa = PBXBuildFile; fileRef = 7932600D191AD88F0051D6F7 /* NSDictionary+JSON.m */; };
/* End PBXBuildFile section */

/* Begin PBXContainerItemProxy section */
		75215B3B191916A800417D56 /* PBXContainerItemProxy */ = {
			isa = PBXContainerItemProxy;
			containerPortal = 75215B13191916A800417D56 /* Project object */;
			proxyType = 1;
			remoteGlobalIDString = 75215B1A191916A800417D56;
			remoteInfo = DynamicFeedbackForm;
		};
/* End PBXContainerItemProxy section */

/* Begin PBXFileReference section */
		75147BAD191961BB002FF952 /* FormItemCell.h */ = {isa = PBXFileReference; fileEncoding = 4; lastKnownFileType = sourcecode.c.h; path = FormItemCell.h; sourceTree = "<group>"; };
		75147BAE191961BB002FF952 /* FormItemCell.m */ = {isa = PBXFileReference; fileEncoding = 4; lastKnownFileType = sourcecode.c.objc; path = FormItemCell.m; sourceTree = "<group>"; };
		75147BB31919629D002FF952 /* FormItemListCell.h */ = {isa = PBXFileReference; fileEncoding = 4; lastKnownFileType = sourcecode.c.h; path = FormItemListCell.h; sourceTree = "<group>"; };
		75147BB41919629D002FF952 /* FormItemListCell.m */ = {isa = PBXFileReference; fileEncoding = 4; lastKnownFileType = sourcecode.c.objc; path = FormItemListCell.m; sourceTree = "<group>"; };
		75147BB6191962A9002FF952 /* FormItemPhotoCell.h */ = {isa = PBXFileReference; fileEncoding = 4; lastKnownFileType = sourcecode.c.h; path = FormItemPhotoCell.h; sourceTree = "<group>"; };
		75147BB7191962A9002FF952 /* FormItemPhotoCell.m */ = {isa = PBXFileReference; fileEncoding = 4; lastKnownFileType = sourcecode.c.objc; path = FormItemPhotoCell.m; sourceTree = "<group>"; };
		75147BB9191962C6002FF952 /* FormItemTextViewCell.h */ = {isa = PBXFileReference; fileEncoding = 4; lastKnownFileType = sourcecode.c.h; path = FormItemTextViewCell.h; sourceTree = "<group>"; };
		75147BBA191962C6002FF952 /* FormItemTextViewCell.m */ = {isa = PBXFileReference; fileEncoding = 4; lastKnownFileType = sourcecode.c.objc; path = FormItemTextViewCell.m; sourceTree = "<group>"; };
		75147BBC191962DF002FF952 /* FormItemSwitchCell.h */ = {isa = PBXFileReference; fileEncoding = 4; lastKnownFileType = sourcecode.c.h; path = FormItemSwitchCell.h; sourceTree = "<group>"; };
		75147BBD191962DF002FF952 /* FormItemSwitchCell.m */ = {isa = PBXFileReference; fileEncoding = 4; lastKnownFileType = sourcecode.c.objc; path = FormItemSwitchCell.m; sourceTree = "<group>"; };
		75147BBF191962EE002FF952 /* FormItemSliderCell.h */ = {isa = PBXFileReference; fileEncoding = 4; lastKnownFileType = sourcecode.c.h; path = FormItemSliderCell.h; sourceTree = "<group>"; };
		75147BC0191962EE002FF952 /* FormItemSliderCell.m */ = {isa = PBXFileReference; fileEncoding = 4; lastKnownFileType = sourcecode.c.objc; path = FormItemSliderCell.m; sourceTree = "<group>"; };
		75147BC219196354002FF952 /* FormItemCells.h */ = {isa = PBXFileReference; lastKnownFileType = sourcecode.c.h; path = FormItemCells.h; sourceTree = "<group>"; };
		75147BC51919653A002FF952 /* ListCell.xib */ = {isa = PBXFileReference; fileEncoding = 4; lastKnownFileType = file.xib; path = ListCell.xib; sourceTree = "<group>"; };
		75147BC719196542002FF952 /* PhotoCell.xib */ = {isa = PBXFileReference; fileEncoding = 4; lastKnownFileType = file.xib; path = PhotoCell.xib; sourceTree = "<group>"; };
		75147BC919196553002FF952 /* TextViewCell.xib */ = {isa = PBXFileReference; fileEncoding = 4; lastKnownFileType = file.xib; path = TextViewCell.xib; sourceTree = "<group>"; };
		75147BCB1919656A002FF952 /* SwitchCell.xib */ = {isa = PBXFileReference; fileEncoding = 4; lastKnownFileType = file.xib; path = SwitchCell.xib; sourceTree = "<group>"; };
		75147BCD19196578002FF952 /* SliderCell.xib */ = {isa = PBXFileReference; fileEncoding = 4; lastKnownFileType = file.xib; path = SliderCell.xib; sourceTree = "<group>"; };
		75215B1B191916A800417D56 /* DynamicFeedbackForm.app */ = {isa = PBXFileReference; explicitFileType = wrapper.application; includeInIndex = 0; path = DynamicFeedbackForm.app; sourceTree = BUILT_PRODUCTS_DIR; };
		75215B1E191916A800417D56 /* Foundation.framework */ = {isa = PBXFileReference; lastKnownFileType = wrapper.framework; name = Foundation.framework; path = System/Library/Frameworks/Foundation.framework; sourceTree = SDKROOT; };
		75215B20191916A800417D56 /* CoreGraphics.framework */ = {isa = PBXFileReference; lastKnownFileType = wrapper.framework; name = CoreGraphics.framework; path = System/Library/Frameworks/CoreGraphics.framework; sourceTree = SDKROOT; };
		75215B22191916A800417D56 /* UIKit.framework */ = {isa = PBXFileReference; lastKnownFileType = wrapper.framework; name = UIKit.framework; path = System/Library/Frameworks/UIKit.framework; sourceTree = SDKROOT; };
		75215B26191916A800417D56 /* DynamicFeedbackForm-Info.plist */ = {isa = PBXFileReference; lastKnownFileType = text.plist.xml; path = "DynamicFeedbackForm-Info.plist"; sourceTree = "<group>"; };
		75215B28191916A800417D56 /* en */ = {isa = PBXFileReference; lastKnownFileType = text.plist.strings; name = en; path = en.lproj/InfoPlist.strings; sourceTree = "<group>"; };
		75215B2A191916A800417D56 /* main.m */ = {isa = PBXFileReference; lastKnownFileType = sourcecode.c.objc; path = main.m; sourceTree = "<group>"; };
		75215B2C191916A800417D56 /* DynamicFeedbackForm-Prefix.pch */ = {isa = PBXFileReference; lastKnownFileType = sourcecode.c.h; path = "DynamicFeedbackForm-Prefix.pch"; sourceTree = "<group>"; };
		75215B2D191916A800417D56 /* AppDelegate.h */ = {isa = PBXFileReference; lastKnownFileType = sourcecode.c.h; path = AppDelegate.h; sourceTree = "<group>"; };
		75215B2E191916A800417D56 /* AppDelegate.m */ = {isa = PBXFileReference; lastKnownFileType = sourcecode.c.objc; path = AppDelegate.m; sourceTree = "<group>"; };
		75215B30191916A800417D56 /* Images.xcassets */ = {isa = PBXFileReference; lastKnownFileType = folder.assetcatalog; path = Images.xcassets; sourceTree = "<group>"; };
		75215B36191916A800417D56 /* DynamicFeedbackFormTests.xctest */ = {isa = PBXFileReference; explicitFileType = wrapper.cfbundle; includeInIndex = 0; path = DynamicFeedbackFormTests.xctest; sourceTree = BUILT_PRODUCTS_DIR; };
		75215B37191916A800417D56 /* XCTest.framework */ = {isa = PBXFileReference; lastKnownFileType = wrapper.framework; name = XCTest.framework; path = Library/Frameworks/XCTest.framework; sourceTree = DEVELOPER_DIR; };
		75215B3F191916A800417D56 /* DynamicFeedbackFormTests-Info.plist */ = {isa = PBXFileReference; lastKnownFileType = text.plist.xml; path = "DynamicFeedbackFormTests-Info.plist"; sourceTree = "<group>"; };
		75215B41191916A800417D56 /* en */ = {isa = PBXFileReference; lastKnownFileType = text.plist.strings; name = en; path = en.lproj/InfoPlist.strings; sourceTree = "<group>"; };
		75215B43191916A800417D56 /* DynamicFeedbackFormTests.m */ = {isa = PBXFileReference; lastKnownFileType = sourcecode.c.objc; path = DynamicFeedbackFormTests.m; sourceTree = "<group>"; };
		75215B531919343600417D56 /* FormItemsTableViewController.h */ = {isa = PBXFileReference; fileEncoding = 4; lastKnownFileType = sourcecode.c.h; path = FormItemsTableViewController.h; sourceTree = "<group>"; };
		75215B541919343600417D56 /* FormItemsTableViewController.m */ = {isa = PBXFileReference; fileEncoding = 4; lastKnownFileType = sourcecode.c.objc; path = FormItemsTableViewController.m; sourceTree = "<group>"; };
		75215B561919373600417D56 /* StartupViewController.h */ = {isa = PBXFileReference; fileEncoding = 4; lastKnownFileType = sourcecode.c.h; path = StartupViewController.h; sourceTree = "<group>"; };
		75215B571919373600417D56 /* StartupViewController.m */ = {isa = PBXFileReference; fileEncoding = 4; lastKnownFileType = sourcecode.c.objc; path = StartupViewController.m; sourceTree = "<group>"; };
		75215B5B19193C8900417D56 /* FormItemsManager.h */ = {isa = PBXFileReference; fileEncoding = 4; lastKnownFileType = sourcecode.c.h; path = FormItemsManager.h; sourceTree = "<group>"; };
		75215B5C19193C8900417D56 /* FormItemsManager.m */ = {isa = PBXFileReference; fileEncoding = 4; lastKnownFileType = sourcecode.c.objc; path = FormItemsManager.m; sourceTree = "<group>"; };
		75215B5E19193D6100417D56 /* FormItem.h */ = {isa = PBXFileReference; fileEncoding = 4; lastKnownFileType = sourcecode.c.h; path = FormItem.h; sourceTree = "<group>"; };
		75215B5F19193D6100417D56 /* FormItem.m */ = {isa = PBXFileReference; fileEncoding = 4; lastKnownFileType = sourcecode.c.objc; path = FormItem.m; sourceTree = "<group>"; };
		7535AD321924B8DE00B0C674 /* FormItemLongListCell.h */ = {isa = PBXFileReference; fileEncoding = 4; lastKnownFileType = sourcecode.c.h; path = FormItemLongListCell.h; sourceTree = "<group>"; };
		7535AD331924B8DE00B0C674 /* FormItemLongListCell.m */ = {isa = PBXFileReference; fileEncoding = 4; lastKnownFileType = sourcecode.c.objc; path = FormItemLongListCell.m; sourceTree = "<group>"; };
		7535AD351924B8EE00B0C674 /* LongListCell.xib */ = {isa = PBXFileReference; fileEncoding = 4; lastKnownFileType = file.xib; path = LongListCell.xib; sourceTree = "<group>"; };
		7593E17E191AA08800DA6571 /* FormItemTextFieldCell.h */ = {isa = PBXFileReference; fileEncoding = 4; lastKnownFileType = sourcecode.c.h; path = FormItemTextFieldCell.h; sourceTree = "<group>"; };
		7593E17F191AA08800DA6571 /* FormItemTextFieldCell.m */ = {isa = PBXFileReference; fileEncoding = 4; lastKnownFileType = sourcecode.c.objc; path = FormItemTextFieldCell.m; sourceTree = "<group>"; };
		7593E183191AA27400DA6571 /* TextFieldCell.xib */ = {isa = PBXFileReference; fileEncoding = 4; lastKnownFileType = file.xib; path = TextFieldCell.xib; sourceTree = "<group>"; };
		75FCFE5B192B3AEB00D046F7 /* FormItemStarRatingCell.h */ = {isa = PBXFileReference; fileEncoding = 4; lastKnownFileType = sourcecode.c.h; path = FormItemStarRatingCell.h; sourceTree = "<group>"; };
		75FCFE5C192B3AEB00D046F7 /* FormItemStarRatingCell.m */ = {isa = PBXFileReference; fileEncoding = 4; lastKnownFileType = sourcecode.c.objc; path = FormItemStarRatingCell.m; sourceTree = "<group>"; };
		75FCFE5E192B3B0A00D046F7 /* StarRatingCell.xib */ = {isa = PBXFileReference; fileEncoding = 4; lastKnownFileType = file.xib; path = StarRatingCell.xib; sourceTree = "<group>"; };
		79326007191AD42B0051D6F7 /* RESTService.h */ = {isa = PBXFileReference; fileEncoding = 4; lastKnownFileType = sourcecode.c.h; path = RESTService.h; sourceTree = "<group>"; };
		79326008191AD42B0051D6F7 /* RESTService.m */ = {isa = PBXFileReference; fileEncoding = 4; lastKnownFileType = sourcecode.c.objc; path = RESTService.m; sourceTree = "<group>"; };
		7932600C191AD88F0051D6F7 /* NSDictionary+JSON.h */ = {isa = PBXFileReference; fileEncoding = 4; lastKnownFileType = sourcecode.c.h; path = "NSDictionary+JSON.h"; sourceTree = "<group>"; };
		7932600D191AD88F0051D6F7 /* NSDictionary+JSON.m */ = {isa = PBXFileReference; fileEncoding = 4; lastKnownFileType = sourcecode.c.objc; path = "NSDictionary+JSON.m"; sourceTree = "<group>"; };
/* End PBXFileReference section */

/* Begin PBXFrameworksBuildPhase section */
		75215B18191916A800417D56 /* Frameworks */ = {
			isa = PBXFrameworksBuildPhase;
			buildActionMask = 2147483647;
			files = (
				75215B21191916A800417D56 /* CoreGraphics.framework in Frameworks */,
				75215B23191916A800417D56 /* UIKit.framework in Frameworks */,
				75215B1F191916A800417D56 /* Foundation.framework in Frameworks */,
			);
			runOnlyForDeploymentPostprocessing = 0;
		};
		75215B33191916A800417D56 /* Frameworks */ = {
			isa = PBXFrameworksBuildPhase;
			buildActionMask = 2147483647;
			files = (
				75215B38191916A800417D56 /* XCTest.framework in Frameworks */,
				75215B3A191916A800417D56 /* UIKit.framework in Frameworks */,
				75215B39191916A800417D56 /* Foundation.framework in Frameworks */,
			);
			runOnlyForDeploymentPostprocessing = 0;
		};
/* End PBXFrameworksBuildPhase section */

/* Begin PBXGroup section */
		75215B12191916A800417D56 = {
			isa = PBXGroup;
			children = (
				75215B24191916A800417D56 /* DynamicFeedbackForm */,
				75215B3D191916A800417D56 /* DynamicFeedbackFormTests */,
				75215B1D191916A800417D56 /* Frameworks */,
				75215B1C191916A800417D56 /* Products */,
			);
			sourceTree = "<group>";
		};
		75215B1C191916A800417D56 /* Products */ = {
			isa = PBXGroup;
			children = (
				75215B1B191916A800417D56 /* DynamicFeedbackForm.app */,
				75215B36191916A800417D56 /* DynamicFeedbackFormTests.xctest */,
			);
			name = Products;
			sourceTree = "<group>";
		};
		75215B1D191916A800417D56 /* Frameworks */ = {
			isa = PBXGroup;
			children = (
				75215B1E191916A800417D56 /* Foundation.framework */,
				75215B20191916A800417D56 /* CoreGraphics.framework */,
				75215B22191916A800417D56 /* UIKit.framework */,
				75215B37191916A800417D56 /* XCTest.framework */,
			);
			name = Frameworks;
			sourceTree = "<group>";
		};
		75215B24191916A800417D56 /* DynamicFeedbackForm */ = {
			isa = PBXGroup;
			children = (
				75215B4D191916CC00417D56 /* AppDelegate */,
				75215B50191916D800417D56 /* Model */,
				75215B4F191916D600417D56 /* View */,
				75215B4E191916D400417D56 /* Controller */,
				7932600B191AD8720051D6F7 /* Categories */,
				75215B30191916A800417D56 /* Images.xcassets */,
				75215B25191916A800417D56 /* Supporting Files */,
			);
			path = DynamicFeedbackForm;
			sourceTree = "<group>";
		};
		75215B25191916A800417D56 /* Supporting Files */ = {
			isa = PBXGroup;
			children = (
				75215B26191916A800417D56 /* DynamicFeedbackForm-Info.plist */,
				75215B27191916A800417D56 /* InfoPlist.strings */,
				75215B2A191916A800417D56 /* main.m */,
				75215B2C191916A800417D56 /* DynamicFeedbackForm-Prefix.pch */,
			);
			name = "Supporting Files";
			sourceTree = "<group>";
		};
		75215B3D191916A800417D56 /* DynamicFeedbackFormTests */ = {
			isa = PBXGroup;
			children = (
				75215B43191916A800417D56 /* DynamicFeedbackFormTests.m */,
				75215B3E191916A800417D56 /* Supporting Files */,
			);
			path = DynamicFeedbackFormTests;
			sourceTree = "<group>";
		};
		75215B3E191916A800417D56 /* Supporting Files */ = {
			isa = PBXGroup;
			children = (
				75215B3F191916A800417D56 /* DynamicFeedbackFormTests-Info.plist */,
				75215B40191916A800417D56 /* InfoPlist.strings */,
			);
			name = "Supporting Files";
			sourceTree = "<group>";
		};
		75215B4D191916CC00417D56 /* AppDelegate */ = {
			isa = PBXGroup;
			children = (
				75215B2D191916A800417D56 /* AppDelegate.h */,
				75215B2E191916A800417D56 /* AppDelegate.m */,
			);
			name = AppDelegate;
			sourceTree = "<group>";
		};
		75215B4E191916D400417D56 /* Controller */ = {
			isa = PBXGroup;
			children = (
				75215B561919373600417D56 /* StartupViewController.h */,
				75215B571919373600417D56 /* StartupViewController.m */,
				75215B531919343600417D56 /* FormItemsTableViewController.h */,
				75215B541919343600417D56 /* FormItemsTableViewController.m */,
				79326007191AD42B0051D6F7 /* RESTService.h */,
				79326008191AD42B0051D6F7 /* RESTService.m */,
			);
			name = Controller;
			sourceTree = "<group>";
		};
		75215B4F191916D600417D56 /* View */ = {
			isa = PBXGroup;
			children = (
				75147BC219196354002FF952 /* FormItemCells.h */,
				75147BAD191961BB002FF952 /* FormItemCell.h */,
				75147BAE191961BB002FF952 /* FormItemCell.m */,
				75147BB31919629D002FF952 /* FormItemListCell.h */,
				75147BB41919629D002FF952 /* FormItemListCell.m */,
				75147BC51919653A002FF952 /* ListCell.xib */,
				7535AD321924B8DE00B0C674 /* FormItemLongListCell.h */,
				7535AD331924B8DE00B0C674 /* FormItemLongListCell.m */,
				7535AD351924B8EE00B0C674 /* LongListCell.xib */,
				7593E17E191AA08800DA6571 /* FormItemTextFieldCell.h */,
				7593E17F191AA08800DA6571 /* FormItemTextFieldCell.m */,
				7593E183191AA27400DA6571 /* TextFieldCell.xib */,
				75147BB9191962C6002FF952 /* FormItemTextViewCell.h */,
				75147BBA191962C6002FF952 /* FormItemTextViewCell.m */,
				75147BC919196553002FF952 /* TextViewCell.xib */,
				75147BBC191962DF002FF952 /* FormItemSwitchCell.h */,
				75147BBD191962DF002FF952 /* FormItemSwitchCell.m */,
				75147BCB1919656A002FF952 /* SwitchCell.xib */,
				75147BBF191962EE002FF952 /* FormItemSliderCell.h */,
				75147BC0191962EE002FF952 /* FormItemSliderCell.m */,
				75147BCD19196578002FF952 /* SliderCell.xib */,
				75FCFE5B192B3AEB00D046F7 /* FormItemStarRatingCell.h */,
				75FCFE5C192B3AEB00D046F7 /* FormItemStarRatingCell.m */,
				75FCFE5E192B3B0A00D046F7 /* StarRatingCell.xib */,
				75147BB6191962A9002FF952 /* FormItemPhotoCell.h */,
				75147BB7191962A9002FF952 /* FormItemPhotoCell.m */,
				75147BC719196542002FF952 /* PhotoCell.xib */,
			);
			name = View;
			sourceTree = "<group>";
		};
		75215B50191916D800417D56 /* Model */ = {
			isa = PBXGroup;
			children = (
				75215B5B19193C8900417D56 /* FormItemsManager.h */,
				75215B5C19193C8900417D56 /* FormItemsManager.m */,
				75215B5E19193D6100417D56 /* FormItem.h */,
				75215B5F19193D6100417D56 /* FormItem.m */,
			);
			name = Model;
			sourceTree = "<group>";
		};
		7932600B191AD8720051D6F7 /* Categories */ = {
			isa = PBXGroup;
			children = (
				7932600C191AD88F0051D6F7 /* NSDictionary+JSON.h */,
				7932600D191AD88F0051D6F7 /* NSDictionary+JSON.m */,
			);
			name = Categories;
			sourceTree = "<group>";
		};
/* End PBXGroup section */

/* Begin PBXNativeTarget section */
		75215B1A191916A800417D56 /* DynamicFeedbackForm */ = {
			isa = PBXNativeTarget;
			buildConfigurationList = 75215B47191916A800417D56 /* Build configuration list for PBXNativeTarget "DynamicFeedbackForm" */;
			buildPhases = (
				75215B17191916A800417D56 /* Sources */,
				75215B18191916A800417D56 /* Frameworks */,
				75215B19191916A800417D56 /* Resources */,
			);
			buildRules = (
			);
			dependencies = (
			);
			name = DynamicFeedbackForm;
			productName = DynamicFeedbackForm;
			productReference = 75215B1B191916A800417D56 /* DynamicFeedbackForm.app */;
			productType = "com.apple.product-type.application";
		};
		75215B35191916A800417D56 /* DynamicFeedbackFormTests */ = {
			isa = PBXNativeTarget;
			buildConfigurationList = 75215B4A191916A800417D56 /* Build configuration list for PBXNativeTarget "DynamicFeedbackFormTests" */;
			buildPhases = (
				75215B32191916A800417D56 /* Sources */,
				75215B33191916A800417D56 /* Frameworks */,
				75215B34191916A800417D56 /* Resources */,
			);
			buildRules = (
			);
			dependencies = (
				75215B3C191916A800417D56 /* PBXTargetDependency */,
			);
			name = DynamicFeedbackFormTests;
			productName = DynamicFeedbackFormTests;
			productReference = 75215B36191916A800417D56 /* DynamicFeedbackFormTests.xctest */;
			productType = "com.apple.product-type.bundle.unit-test";
		};
/* End PBXNativeTarget section */

/* Begin PBXProject section */
		75215B13191916A800417D56 /* Project object */ = {
			isa = PBXProject;
			attributes = {
				LastUpgradeCheck = 0510;
				ORGANIZATIONNAME = "Jan Hennings";
				TargetAttributes = {
					75215B35191916A800417D56 = {
						TestTargetID = 75215B1A191916A800417D56;
					};
				};
			};
			buildConfigurationList = 75215B16191916A800417D56 /* Build configuration list for PBXProject "DynamicFeedbackForm" */;
			compatibilityVersion = "Xcode 3.2";
			developmentRegion = English;
			hasScannedForEncodings = 0;
			knownRegions = (
				en,
			);
			mainGroup = 75215B12191916A800417D56;
			productRefGroup = 75215B1C191916A800417D56 /* Products */;
			projectDirPath = "";
			projectRoot = "";
			targets = (
				75215B1A191916A800417D56 /* DynamicFeedbackForm */,
				75215B35191916A800417D56 /* DynamicFeedbackFormTests */,
			);
		};
/* End PBXProject section */

/* Begin PBXResourcesBuildPhase section */
		75215B19191916A800417D56 /* Resources */ = {
			isa = PBXResourcesBuildPhase;
			buildActionMask = 2147483647;
			files = (
				75215B29191916A800417D56 /* InfoPlist.strings in Resources */,
				75147BC61919653A002FF952 /* ListCell.xib in Resources */,
				75FCFE5F192B3B0A00D046F7 /* StarRatingCell.xib in Resources */,
				7593E184191AA27400DA6571 /* TextFieldCell.xib in Resources */,
				7535AD361924B8EE00B0C674 /* LongListCell.xib in Resources */,
				75147BCE19196578002FF952 /* SliderCell.xib in Resources */,
				75215B31191916A800417D56 /* Images.xcassets in Resources */,
				75147BC819196542002FF952 /* PhotoCell.xib in Resources */,
				75147BCC1919656A002FF952 /* SwitchCell.xib in Resources */,
				75147BCA19196553002FF952 /* TextViewCell.xib in Resources */,
			);
			runOnlyForDeploymentPostprocessing = 0;
		};
		75215B34191916A800417D56 /* Resources */ = {
			isa = PBXResourcesBuildPhase;
			buildActionMask = 2147483647;
			files = (
				75215B42191916A800417D56 /* InfoPlist.strings in Resources */,
			);
			runOnlyForDeploymentPostprocessing = 0;
		};
/* End PBXResourcesBuildPhase section */

/* Begin PBXSourcesBuildPhase section */
		75215B17191916A800417D56 /* Sources */ = {
			isa = PBXSourcesBuildPhase;
			buildActionMask = 2147483647;
			files = (
				7535AD341924B8DE00B0C674 /* FormItemLongListCell.m in Sources */,
				75147BB51919629D002FF952 /* FormItemListCell.m in Sources */,
				75215B591919373600417D56 /* StartupViewController.m in Sources */,
				75215B2F191916A800417D56 /* AppDelegate.m in Sources */,
				75147BBB191962C6002FF952 /* FormItemTextViewCell.m in Sources */,
				75FCFE5D192B3AEB00D046F7 /* FormItemStarRatingCell.m in Sources */,
				75147BBE191962DF002FF952 /* FormItemSwitchCell.m in Sources */,
				75147BB8191962A9002FF952 /* FormItemPhotoCell.m in Sources */,
				75215B6019193D6100417D56 /* FormItem.m in Sources */,
				75147BC1191962EE002FF952 /* FormItemSliderCell.m in Sources */,
				75147BAF191961BB002FF952 /* FormItemCell.m in Sources */,
				75215B2B191916A800417D56 /* main.m in Sources */,
				7932600E191AD88F0051D6F7 /* NSDictionary+JSON.m in Sources */,
				7593E180191AA08800DA6571 /* FormItemTextFieldCell.m in Sources */,
				75215B551919343600417D56 /* FormItemsTableViewController.m in Sources */,
				79326009191AD42B0051D6F7 /* RESTService.m in Sources */,
				75215B5D19193C8900417D56 /* FormItemsManager.m in Sources */,
			);
			runOnlyForDeploymentPostprocessing = 0;
		};
		75215B32191916A800417D56 /* Sources */ = {
			isa = PBXSourcesBuildPhase;
			buildActionMask = 2147483647;
			files = (
				75215B44191916A800417D56 /* DynamicFeedbackFormTests.m in Sources */,
				7932600A191AD42B0051D6F7 /* RESTService.m in Sources */,
				7932600F191AD88F0051D6F7 /* NSDictionary+JSON.m in Sources */,
			);
			runOnlyForDeploymentPostprocessing = 0;
		};
/* End PBXSourcesBuildPhase section */

/* Begin PBXTargetDependency section */
		75215B3C191916A800417D56 /* PBXTargetDependency */ = {
			isa = PBXTargetDependency;
			target = 75215B1A191916A800417D56 /* DynamicFeedbackForm */;
			targetProxy = 75215B3B191916A800417D56 /* PBXContainerItemProxy */;
		};
/* End PBXTargetDependency section */

/* Begin PBXVariantGroup section */
		75215B27191916A800417D56 /* InfoPlist.strings */ = {
			isa = PBXVariantGroup;
			children = (
				75215B28191916A800417D56 /* en */,
			);
			name = InfoPlist.strings;
			sourceTree = "<group>";
		};
		75215B40191916A800417D56 /* InfoPlist.strings */ = {
			isa = PBXVariantGroup;
			children = (
				75215B41191916A800417D56 /* en */,
			);
			name = InfoPlist.strings;
			sourceTree = "<group>";
		};
/* End PBXVariantGroup section */

/* Begin XCBuildConfiguration section */
		75215B45191916A800417D56 /* Debug */ = {
			isa = XCBuildConfiguration;
			buildSettings = {
				ALWAYS_SEARCH_USER_PATHS = NO;
				CLANG_CXX_LANGUAGE_STANDARD = "gnu++0x";
				CLANG_CXX_LIBRARY = "libc++";
				CLANG_ENABLE_MODULES = YES;
				CLANG_ENABLE_OBJC_ARC = YES;
				CLANG_WARN_BOOL_CONVERSION = YES;
				CLANG_WARN_CONSTANT_CONVERSION = YES;
				CLANG_WARN_DIRECT_OBJC_ISA_USAGE = YES_ERROR;
				CLANG_WARN_EMPTY_BODY = YES;
				CLANG_WARN_ENUM_CONVERSION = YES;
				CLANG_WARN_INT_CONVERSION = YES;
				CLANG_WARN_OBJC_ROOT_CLASS = YES_ERROR;
				CLANG_WARN__DUPLICATE_METHOD_MATCH = YES;
				"CODE_SIGN_IDENTITY[sdk=iphoneos*]" = "iPhone Developer";
				COPY_PHASE_STRIP = NO;
				GCC_C_LANGUAGE_STANDARD = gnu99;
				GCC_DYNAMIC_NO_PIC = NO;
				GCC_OPTIMIZATION_LEVEL = 0;
				GCC_PREPROCESSOR_DEFINITIONS = (
					"DEBUG=1",
					"$(inherited)",
				);
				GCC_SYMBOLS_PRIVATE_EXTERN = NO;
				GCC_WARN_64_TO_32_BIT_CONVERSION = YES;
				GCC_WARN_ABOUT_RETURN_TYPE = YES_ERROR;
				GCC_WARN_UNDECLARED_SELECTOR = YES;
				GCC_WARN_UNINITIALIZED_AUTOS = YES_AGGRESSIVE;
				GCC_WARN_UNUSED_FUNCTION = YES;
				GCC_WARN_UNUSED_VARIABLE = YES;
				IPHONEOS_DEPLOYMENT_TARGET = 7.1;
				ONLY_ACTIVE_ARCH = YES;
				SDKROOT = iphoneos;
			};
			name = Debug;
		};
		75215B46191916A800417D56 /* Release */ = {
			isa = XCBuildConfiguration;
			buildSettings = {
				ALWAYS_SEARCH_USER_PATHS = NO;
				CLANG_CXX_LANGUAGE_STANDARD = "gnu++0x";
				CLANG_CXX_LIBRARY = "libc++";
				CLANG_ENABLE_MODULES = YES;
				CLANG_ENABLE_OBJC_ARC = YES;
				CLANG_WARN_BOOL_CONVERSION = YES;
				CLANG_WARN_CONSTANT_CONVERSION = YES;
				CLANG_WARN_DIRECT_OBJC_ISA_USAGE = YES_ERROR;
				CLANG_WARN_EMPTY_BODY = YES;
				CLANG_WARN_ENUM_CONVERSION = YES;
				CLANG_WARN_INT_CONVERSION = YES;
				CLANG_WARN_OBJC_ROOT_CLASS = YES_ERROR;
				CLANG_WARN__DUPLICATE_METHOD_MATCH = YES;
				"CODE_SIGN_IDENTITY[sdk=iphoneos*]" = "iPhone Developer";
				COPY_PHASE_STRIP = YES;
				ENABLE_NS_ASSERTIONS = NO;
				GCC_C_LANGUAGE_STANDARD = gnu99;
				GCC_WARN_64_TO_32_BIT_CONVERSION = YES;
				GCC_WARN_ABOUT_RETURN_TYPE = YES_ERROR;
				GCC_WARN_UNDECLARED_SELECTOR = YES;
				GCC_WARN_UNINITIALIZED_AUTOS = YES_AGGRESSIVE;
				GCC_WARN_UNUSED_FUNCTION = YES;
				GCC_WARN_UNUSED_VARIABLE = YES;
				IPHONEOS_DEPLOYMENT_TARGET = 7.1;
				SDKROOT = iphoneos;
				VALIDATE_PRODUCT = YES;
			};
			name = Release;
		};
		75215B48191916A800417D56 /* Debug */ = {
			isa = XCBuildConfiguration;
			buildSettings = {
				ASSETCATALOG_COMPILER_APPICON_NAME = AppIcon;
				ASSETCATALOG_COMPILER_LAUNCHIMAGE_NAME = LaunchImage;
				GCC_PRECOMPILE_PREFIX_HEADER = YES;
				GCC_PREFIX_HEADER = "DynamicFeedbackForm/DynamicFeedbackForm-Prefix.pch";
				INFOPLIST_FILE = "DynamicFeedbackForm/DynamicFeedbackForm-Info.plist";
				PRODUCT_NAME = "$(TARGET_NAME)";
				WRAPPER_EXTENSION = app;
			};
			name = Debug;
		};
		75215B49191916A800417D56 /* Release */ = {
			isa = XCBuildConfiguration;
			buildSettings = {
				ASSETCATALOG_COMPILER_APPICON_NAME = AppIcon;
				ASSETCATALOG_COMPILER_LAUNCHIMAGE_NAME = LaunchImage;
				GCC_PRECOMPILE_PREFIX_HEADER = YES;
				GCC_PREFIX_HEADER = "DynamicFeedbackForm/DynamicFeedbackForm-Prefix.pch";
				INFOPLIST_FILE = "DynamicFeedbackForm/DynamicFeedbackForm-Info.plist";
				PRODUCT_NAME = "$(TARGET_NAME)";
				WRAPPER_EXTENSION = app;
			};
			name = Release;
		};
		75215B4B191916A800417D56 /* Debug */ = {
			isa = XCBuildConfiguration;
			buildSettings = {
				BUNDLE_LOADER = "$(BUILT_PRODUCTS_DIR)/DynamicFeedbackForm.app/DynamicFeedbackForm";
				FRAMEWORK_SEARCH_PATHS = (
					"$(SDKROOT)/Developer/Library/Frameworks",
					"$(inherited)",
					"$(DEVELOPER_FRAMEWORKS_DIR)",
				);
				GCC_PRECOMPILE_PREFIX_HEADER = YES;
				GCC_PREFIX_HEADER = "DynamicFeedbackForm/DynamicFeedbackForm-Prefix.pch";
				GCC_PREPROCESSOR_DEFINITIONS = (
					"DEBUG=1",
					"$(inherited)",
				);
				INFOPLIST_FILE = "DynamicFeedbackFormTests/DynamicFeedbackFormTests-Info.plist";
				PRODUCT_NAME = "$(TARGET_NAME)";
				TEST_HOST = "$(BUNDLE_LOADER)";
				WRAPPER_EXTENSION = xctest;
			};
			name = Debug;
		};
		75215B4C191916A800417D56 /* Release */ = {
			isa = XCBuildConfiguration;
			buildSettings = {
				BUNDLE_LOADER = "$(BUILT_PRODUCTS_DIR)/DynamicFeedbackForm.app/DynamicFeedbackForm";
				FRAMEWORK_SEARCH_PATHS = (
					"$(SDKROOT)/Developer/Library/Frameworks",
					"$(inherited)",
					"$(DEVELOPER_FRAMEWORKS_DIR)",
				);
				GCC_PRECOMPILE_PREFIX_HEADER = YES;
				GCC_PREFIX_HEADER = "DynamicFeedbackForm/DynamicFeedbackForm-Prefix.pch";
				INFOPLIST_FILE = "DynamicFeedbackFormTests/DynamicFeedbackFormTests-Info.plist";
				PRODUCT_NAME = "$(TARGET_NAME)";
				TEST_HOST = "$(BUNDLE_LOADER)";
				WRAPPER_EXTENSION = xctest;
			};
			name = Release;
		};
/* End XCBuildConfiguration section */

/* Begin XCConfigurationList section */
		75215B16191916A800417D56 /* Build configuration list for PBXProject "DynamicFeedbackForm" */ = {
			isa = XCConfigurationList;
			buildConfigurations = (
				75215B45191916A800417D56 /* Debug */,
				75215B46191916A800417D56 /* Release */,
			);
			defaultConfigurationIsVisible = 0;
			defaultConfigurationName = Release;
		};
		75215B47191916A800417D56 /* Build configuration list for PBXNativeTarget "DynamicFeedbackForm" */ = {
			isa = XCConfigurationList;
			buildConfigurations = (
				75215B48191916A800417D56 /* Debug */,
				75215B49191916A800417D56 /* Release */,
			);
			defaultConfigurationIsVisible = 0;
			defaultConfigurationName = Release;
		};
		75215B4A191916A800417D56 /* Build configuration list for PBXNativeTarget "DynamicFeedbackFormTests" */ = {
			isa = XCConfigurationList;
			buildConfigurations = (
				75215B4B191916A800417D56 /* Debug */,
				75215B4C191916A800417D56 /* Release */,
			);
			defaultConfigurationIsVisible = 0;
			defaultConfigurationName = Release;
		};
/* End XCConfigurationList section */
	};
	rootObject = 75215B13191916A800417D56 /* Project object */;
}
