// !$*UTF8*$!
{
	archiveVersion = 1;
	classes = {
	};
	objectVersion = 46;
	objects = {

/* Begin PBXBuildFile section */
		75C3DE9B1944D9EE00C6718B /* AppDelegate.swift in Sources */ = {isa = PBXBuildFile; fileRef = 75C3DE9A1944D9EE00C6718B /* AppDelegate.swift */; };
		75C3DE9D1944D9EE00C6718B /* Images.xcassets in Resources */ = {isa = PBXBuildFile; fileRef = 75C3DE9C1944D9EE00C6718B /* Images.xcassets */; };
		75C3DEA91944D9EE00C6718B /* DynamicFeedbackSheetsTests.swift in Sources */ = {isa = PBXBuildFile; fileRef = 75C3DEA81944D9EE00C6718B /* DynamicFeedbackSheetsTests.swift */; };
		75FF0D311944FBF9004EF5F2 /* FeedbackSheet.swift in Sources */ = {isa = PBXBuildFile; fileRef = 75FF0D2D1944FBF9004EF5F2 /* FeedbackSheet.swift */; };
		75FF0D321944FBF9004EF5F2 /* FeedbackSheetManager.swift in Sources */ = {isa = PBXBuildFile; fileRef = 75FF0D2E1944FBF9004EF5F2 /* FeedbackSheetManager.swift */; };
		75FF0D331944FBF9004EF5F2 /* FeedbackSheetModule.swift in Sources */ = {isa = PBXBuildFile; fileRef = 75FF0D2F1944FBF9004EF5F2 /* FeedbackSheetModule.swift */; };
		75FF0D341944FBF9004EF5F2 /* FeedbackSheetPage.swift in Sources */ = {isa = PBXBuildFile; fileRef = 75FF0D301944FBF9004EF5F2 /* FeedbackSheetPage.swift */; };
		75FF0D371944FFC0004EF5F2 /* ListModule.swift in Sources */ = {isa = PBXBuildFile; fileRef = 75FF0D361944FFC0004EF5F2 /* ListModule.swift */; };
		75FF0D3919450418004EF5F2 /* DescriptionModule.swift in Sources */ = {isa = PBXBuildFile; fileRef = 75FF0D3819450418004EF5F2 /* DescriptionModule.swift */; };
		75FF0D3B1945048F004EF5F2 /* TextModule.swift in Sources */ = {isa = PBXBuildFile; fileRef = 75FF0D3A1945048F004EF5F2 /* TextModule.swift */; };
		75FF0D3D194505A1004EF5F2 /* SliderModule.swift in Sources */ = {isa = PBXBuildFile; fileRef = 75FF0D3C194505A1004EF5F2 /* SliderModule.swift */; };
		75FF0D3F19450750004EF5F2 /* ToSModule.swift in Sources */ = {isa = PBXBuildFile; fileRef = 75FF0D3E19450750004EF5F2 /* ToSModule.swift */; };
/* End PBXBuildFile section */

/* Begin PBXContainerItemProxy section */
		75C3DEA31944D9EE00C6718B /* PBXContainerItemProxy */ = {
			isa = PBXContainerItemProxy;
			containerPortal = 75C3DE8D1944D9EE00C6718B /* Project object */;
			proxyType = 1;
			remoteGlobalIDString = 75C3DE941944D9EE00C6718B;
			remoteInfo = DynamicFeedbackSheets;
		};
/* End PBXContainerItemProxy section */

/* Begin PBXFileReference section */
		75C3DE951944D9EE00C6718B /* DynamicFeedbackSheets.app */ = {isa = PBXFileReference; explicitFileType = wrapper.application; includeInIndex = 0; path = DynamicFeedbackSheets.app; sourceTree = BUILT_PRODUCTS_DIR; };
		75C3DE991944D9EE00C6718B /* Info.plist */ = {isa = PBXFileReference; lastKnownFileType = text.plist.xml; path = Info.plist; sourceTree = "<group>"; };
		75C3DE9A1944D9EE00C6718B /* AppDelegate.swift */ = {isa = PBXFileReference; lastKnownFileType = sourcecode.swift; path = AppDelegate.swift; sourceTree = "<group>"; };
		75C3DE9C1944D9EE00C6718B /* Images.xcassets */ = {isa = PBXFileReference; lastKnownFileType = folder.assetcatalog; path = Images.xcassets; sourceTree = "<group>"; };
		75C3DEA21944D9EE00C6718B /* DynamicFeedbackSheetsTests.xctest */ = {isa = PBXFileReference; explicitFileType = wrapper.cfbundle; includeInIndex = 0; path = DynamicFeedbackSheetsTests.xctest; sourceTree = BUILT_PRODUCTS_DIR; };
		75C3DEA71944D9EE00C6718B /* Info.plist */ = {isa = PBXFileReference; lastKnownFileType = text.plist.xml; path = Info.plist; sourceTree = "<group>"; };
		75C3DEA81944D9EE00C6718B /* DynamicFeedbackSheetsTests.swift */ = {isa = PBXFileReference; lastKnownFileType = sourcecode.swift; path = DynamicFeedbackSheetsTests.swift; sourceTree = "<group>"; };
		75FF0D2D1944FBF9004EF5F2 /* FeedbackSheet.swift */ = {isa = PBXFileReference; fileEncoding = 4; lastKnownFileType = sourcecode.swift; path = FeedbackSheet.swift; sourceTree = "<group>"; };
		75FF0D2E1944FBF9004EF5F2 /* FeedbackSheetManager.swift */ = {isa = PBXFileReference; fileEncoding = 4; lastKnownFileType = sourcecode.swift; path = FeedbackSheetManager.swift; sourceTree = "<group>"; };
		75FF0D2F1944FBF9004EF5F2 /* FeedbackSheetModule.swift */ = {isa = PBXFileReference; fileEncoding = 4; lastKnownFileType = sourcecode.swift; path = FeedbackSheetModule.swift; sourceTree = "<group>"; };
		75FF0D301944FBF9004EF5F2 /* FeedbackSheetPage.swift */ = {isa = PBXFileReference; fileEncoding = 4; lastKnownFileType = sourcecode.swift; path = FeedbackSheetPage.swift; sourceTree = "<group>"; };
		75FF0D361944FFC0004EF5F2 /* ListModule.swift */ = {isa = PBXFileReference; fileEncoding = 4; lastKnownFileType = sourcecode.swift; name = ListModule.swift; path = Modules/ListModule.swift; sourceTree = "<group>"; };
		75FF0D3819450418004EF5F2 /* DescriptionModule.swift */ = {isa = PBXFileReference; fileEncoding = 4; lastKnownFileType = sourcecode.swift; name = DescriptionModule.swift; path = Modules/DescriptionModule.swift; sourceTree = "<group>"; };
		75FF0D3A1945048F004EF5F2 /* TextModule.swift */ = {isa = PBXFileReference; fileEncoding = 4; lastKnownFileType = sourcecode.swift; name = TextModule.swift; path = Modules/TextModule.swift; sourceTree = "<group>"; };
		75FF0D3C194505A1004EF5F2 /* SliderModule.swift */ = {isa = PBXFileReference; fileEncoding = 4; lastKnownFileType = sourcecode.swift; name = SliderModule.swift; path = Modules/SliderModule.swift; sourceTree = "<group>"; };
		75FF0D3E19450750004EF5F2 /* ToSModule.swift */ = {isa = PBXFileReference; fileEncoding = 4; lastKnownFileType = sourcecode.swift; name = ToSModule.swift; path = Modules/ToSModule.swift; sourceTree = "<group>"; };
/* End PBXFileReference section */

/* Begin PBXFrameworksBuildPhase section */
		75C3DE921944D9EE00C6718B /* Frameworks */ = {
			isa = PBXFrameworksBuildPhase;
			buildActionMask = 2147483647;
			files = (
			);
			runOnlyForDeploymentPostprocessing = 0;
		};
		75C3DE9F1944D9EE00C6718B /* Frameworks */ = {
			isa = PBXFrameworksBuildPhase;
			buildActionMask = 2147483647;
			files = (
			);
			runOnlyForDeploymentPostprocessing = 0;
		};
/* End PBXFrameworksBuildPhase section */

/* Begin PBXGroup section */
		75C3DE8C1944D9EE00C6718B = {
			isa = PBXGroup;
			children = (
				75C3DE971944D9EE00C6718B /* DynamicFeedbackSheets */,
				75C3DEA51944D9EE00C6718B /* DynamicFeedbackSheetsTests */,
				75C3DE961944D9EE00C6718B /* Products */,
			);
			sourceTree = "<group>";
		};
		75C3DE961944D9EE00C6718B /* Products */ = {
			isa = PBXGroup;
			children = (
				75C3DE951944D9EE00C6718B /* DynamicFeedbackSheets.app */,
				75C3DEA21944D9EE00C6718B /* DynamicFeedbackSheetsTests.xctest */,
			);
			name = Products;
			sourceTree = "<group>";
		};
		75C3DE971944D9EE00C6718B /* DynamicFeedbackSheets */ = {
			isa = PBXGroup;
			children = (
				75C3DEB21944DA7A00C6718B /* AppDelegate */,
				75C3DEB31944DAAB00C6718B /* Model */,
				75C3DEB41944DABD00C6718B /* View */,
				75C3DEB51944DAC200C6718B /* Controller */,
				75C3DEB61944DAFB00C6718B /* Categories */,
				75C3DE9C1944D9EE00C6718B /* Images.xcassets */,
				75C3DE981944D9EE00C6718B /* Supporting Files */,
			);
			path = DynamicFeedbackSheets;
			sourceTree = "<group>";
		};
		75C3DE981944D9EE00C6718B /* Supporting Files */ = {
			isa = PBXGroup;
			children = (
				75C3DE991944D9EE00C6718B /* Info.plist */,
			);
			path = "Supporting Files";
			sourceTree = "<group>";
		};
		75C3DEA51944D9EE00C6718B /* DynamicFeedbackSheetsTests */ = {
			isa = PBXGroup;
			children = (
				75C3DEA81944D9EE00C6718B /* DynamicFeedbackSheetsTests.swift */,
				75C3DEA61944D9EE00C6718B /* Supporting Files */,
			);
			path = DynamicFeedbackSheetsTests;
			sourceTree = "<group>";
		};
		75C3DEA61944D9EE00C6718B /* Supporting Files */ = {
			isa = PBXGroup;
			children = (
				75C3DEA71944D9EE00C6718B /* Info.plist */,
			);
			path = "Supporting Files";
			sourceTree = "<group>";
		};
		75C3DEB21944DA7A00C6718B /* AppDelegate */ = {
			isa = PBXGroup;
			children = (
				75C3DE9A1944D9EE00C6718B /* AppDelegate.swift */,
			);
			path = AppDelegate;
			sourceTree = "<group>";
		};
		75C3DEB31944DAAB00C6718B /* Model */ = {
			isa = PBXGroup;
			children = (
				75FF0D2E1944FBF9004EF5F2 /* FeedbackSheetManager.swift */,
				75FF0D2D1944FBF9004EF5F2 /* FeedbackSheet.swift */,
				75FF0D301944FBF9004EF5F2 /* FeedbackSheetPage.swift */,
				75FF0D2F1944FBF9004EF5F2 /* FeedbackSheetModule.swift */,
				75FF0D351944FEFD004EF5F2 /* Modules */,
			);
			path = Model;
			sourceTree = "<group>";
		};
		75C3DEB41944DABD00C6718B /* View */ = {
			isa = PBXGroup;
			children = (
			);
			path = View;
			sourceTree = "<group>";
		};
		75C3DEB51944DAC200C6718B /* Controller */ = {
			isa = PBXGroup;
			children = (
			);
			path = Controller;
			sourceTree = "<group>";
		};
		75C3DEB61944DAFB00C6718B /* Categories */ = {
			isa = PBXGroup;
			children = (
			);
			path = Categories;
			sourceTree = "<group>";
		};
		75FF0D351944FEFD004EF5F2 /* Modules */ = {
			isa = PBXGroup;
			children = (
				75FF0D3819450418004EF5F2 /* DescriptionModule.swift */,
				75FF0D361944FFC0004EF5F2 /* ListModule.swift */,
				75FF0D3A1945048F004EF5F2 /* TextModule.swift */,
				75FF0D3C194505A1004EF5F2 /* SliderModule.swift */,
				75FF0D3E19450750004EF5F2 /* ToSModule.swift */,
			);
			name = Modules;
			sourceTree = "<group>";
		};
/* End PBXGroup section */

/* Begin PBXNativeTarget section */
		75C3DE941944D9EE00C6718B /* DynamicFeedbackSheets */ = {
			isa = PBXNativeTarget;
			buildConfigurationList = 75C3DEAC1944D9EE00C6718B /* Build configuration list for PBXNativeTarget "DynamicFeedbackSheets" */;
			buildPhases = (
				75C3DE911944D9EE00C6718B /* Sources */,
				75C3DE921944D9EE00C6718B /* Frameworks */,
				75C3DE931944D9EE00C6718B /* Resources */,
			);
			buildRules = (
			);
			dependencies = (
			);
			name = DynamicFeedbackSheets;
			productName = DynamicFeedbackSheets;
			productReference = 75C3DE951944D9EE00C6718B /* DynamicFeedbackSheets.app */;
			productType = "com.apple.product-type.application";
		};
		75C3DEA11944D9EE00C6718B /* DynamicFeedbackSheetsTests */ = {
			isa = PBXNativeTarget;
			buildConfigurationList = 75C3DEAF1944D9EE00C6718B /* Build configuration list for PBXNativeTarget "DynamicFeedbackSheetsTests" */;
			buildPhases = (
				75C3DE9E1944D9EE00C6718B /* Sources */,
				75C3DE9F1944D9EE00C6718B /* Frameworks */,
				75C3DEA01944D9EE00C6718B /* Resources */,
			);
			buildRules = (
			);
			dependencies = (
				75C3DEA41944D9EE00C6718B /* PBXTargetDependency */,
			);
			name = DynamicFeedbackSheetsTests;
			productName = DynamicFeedbackSheetsTests;
			productReference = 75C3DEA21944D9EE00C6718B /* DynamicFeedbackSheetsTests.xctest */;
			productType = "com.apple.product-type.bundle.unit-test";
		};
/* End PBXNativeTarget section */

/* Begin PBXProject section */
		75C3DE8D1944D9EE00C6718B /* Project object */ = {
			isa = PBXProject;
			attributes = {
				LastUpgradeCheck = 0600;
				ORGANIZATIONNAME = "Jan Hennings";
				TargetAttributes = {
					75C3DE941944D9EE00C6718B = {
						CreatedOnToolsVersion = 6.0;
					};
					75C3DEA11944D9EE00C6718B = {
						CreatedOnToolsVersion = 6.0;
						TestTargetID = 75C3DE941944D9EE00C6718B;
					};
				};
			};
			buildConfigurationList = 75C3DE901944D9EE00C6718B /* Build configuration list for PBXProject "DynamicFeedbackSheets" */;
			compatibilityVersion = "Xcode 3.2";
			developmentRegion = English;
			hasScannedForEncodings = 0;
			knownRegions = (
				en,
			);
			mainGroup = 75C3DE8C1944D9EE00C6718B;
			productRefGroup = 75C3DE961944D9EE00C6718B /* Products */;
			projectDirPath = "";
			projectRoot = "";
			targets = (
				75C3DE941944D9EE00C6718B /* DynamicFeedbackSheets */,
				75C3DEA11944D9EE00C6718B /* DynamicFeedbackSheetsTests */,
			);
		};
/* End PBXProject section */

/* Begin PBXResourcesBuildPhase section */
		75C3DE931944D9EE00C6718B /* Resources */ = {
			isa = PBXResourcesBuildPhase;
			buildActionMask = 2147483647;
			files = (
				75C3DE9D1944D9EE00C6718B /* Images.xcassets in Resources */,
			);
			runOnlyForDeploymentPostprocessing = 0;
		};
		75C3DEA01944D9EE00C6718B /* Resources */ = {
			isa = PBXResourcesBuildPhase;
			buildActionMask = 2147483647;
			files = (
			);
			runOnlyForDeploymentPostprocessing = 0;
		};
/* End PBXResourcesBuildPhase section */

/* Begin PBXSourcesBuildPhase section */
		75C3DE911944D9EE00C6718B /* Sources */ = {
			isa = PBXSourcesBuildPhase;
			buildActionMask = 2147483647;
			files = (
				75FF0D331944FBF9004EF5F2 /* FeedbackSheetModule.swift in Sources */,
				75FF0D311944FBF9004EF5F2 /* FeedbackSheet.swift in Sources */,
				75C3DE9B1944D9EE00C6718B /* AppDelegate.swift in Sources */,
				75FF0D321944FBF9004EF5F2 /* FeedbackSheetManager.swift in Sources */,
				75FF0D3D194505A1004EF5F2 /* SliderModule.swift in Sources */,
				75FF0D3919450418004EF5F2 /* DescriptionModule.swift in Sources */,
				75FF0D3F19450750004EF5F2 /* ToSModule.swift in Sources */,
				75FF0D341944FBF9004EF5F2 /* FeedbackSheetPage.swift in Sources */,
				75FF0D3B1945048F004EF5F2 /* TextModule.swift in Sources */,
				75FF0D371944FFC0004EF5F2 /* ListModule.swift in Sources */,
			);
			runOnlyForDeploymentPostprocessing = 0;
		};
		75C3DE9E1944D9EE00C6718B /* Sources */ = {
			isa = PBXSourcesBuildPhase;
			buildActionMask = 2147483647;
			files = (
				75C3DEA91944D9EE00C6718B /* DynamicFeedbackSheetsTests.swift in Sources */,
			);
			runOnlyForDeploymentPostprocessing = 0;
		};
/* End PBXSourcesBuildPhase section */

/* Begin PBXTargetDependency section */
		75C3DEA41944D9EE00C6718B /* PBXTargetDependency */ = {
			isa = PBXTargetDependency;
			target = 75C3DE941944D9EE00C6718B /* DynamicFeedbackSheets */;
			targetProxy = 75C3DEA31944D9EE00C6718B /* PBXContainerItemProxy */;
		};
/* End PBXTargetDependency section */

/* Begin XCBuildConfiguration section */
		75C3DEAA1944D9EE00C6718B /* Debug */ = {
			isa = XCBuildConfiguration;
			buildSettings = {
				ALWAYS_SEARCH_USER_PATHS = NO;
				CLANG_CXX_LANGUAGE_STANDARD = "gnu++0x";
				CLANG_CXX_LIBRARY = "libc++";
				CLANG_ENABLE_MODULES = YES;
				CLANG_ENABLE_OBJC_ARC = YES;
				CLANG_WARN_BOOL_CONVERSION = YES;
				CLANG_WARN_CONSTANT_CONVERSION = YES;
				CLANG_WARN_DIRECT_OBJC_ISA_USAGE = YES_ERROR;
				CLANG_WARN_EMPTY_BODY = YES;
				CLANG_WARN_ENUM_CONVERSION = YES;
				CLANG_WARN_INT_CONVERSION = YES;
				CLANG_WARN_OBJC_ROOT_CLASS = YES_ERROR;
				CLANG_WARN_UNREACHABLE_CODE = YES;
				CLANG_WARN__DUPLICATE_METHOD_MATCH = YES;
				"CODE_SIGN_IDENTITY[sdk=iphoneos*]" = "iPhone Developer";
				COPY_PHASE_STRIP = NO;
				ENABLE_STRICT_OBJC_MSGSEND = YES;
				GCC_C_LANGUAGE_STANDARD = gnu99;
				GCC_DYNAMIC_NO_PIC = NO;
				GCC_OPTIMIZATION_LEVEL = 0;
				GCC_PREPROCESSOR_DEFINITIONS = (
					"DEBUG=1",
					"$(inherited)",
				);
				GCC_SYMBOLS_PRIVATE_EXTERN = NO;
				GCC_WARN_64_TO_32_BIT_CONVERSION = YES;
				GCC_WARN_ABOUT_RETURN_TYPE = YES_ERROR;
				GCC_WARN_UNDECLARED_SELECTOR = YES;
				GCC_WARN_UNINITIALIZED_AUTOS = YES_AGGRESSIVE;
				GCC_WARN_UNUSED_FUNCTION = YES;
				GCC_WARN_UNUSED_VARIABLE = YES;
				IPHONEOS_DEPLOYMENT_TARGET = 8.0;
				METAL_ENABLE_DEBUG_INFO = YES;
				ONLY_ACTIVE_ARCH = YES;
				SDKROOT = iphoneos;
				SWIFT_OPTIMIZATION_LEVEL = "-Onone";
			};
			name = Debug;
		};
		75C3DEAB1944D9EE00C6718B /* Release */ = {
			isa = XCBuildConfiguration;
			buildSettings = {
				ALWAYS_SEARCH_USER_PATHS = NO;
				CLANG_CXX_LANGUAGE_STANDARD = "gnu++0x";
				CLANG_CXX_LIBRARY = "libc++";
				CLANG_ENABLE_MODULES = YES;
				CLANG_ENABLE_OBJC_ARC = YES;
				CLANG_WARN_BOOL_CONVERSION = YES;
				CLANG_WARN_CONSTANT_CONVERSION = YES;
				CLANG_WARN_DIRECT_OBJC_ISA_USAGE = YES_ERROR;
				CLANG_WARN_EMPTY_BODY = YES;
				CLANG_WARN_ENUM_CONVERSION = YES;
				CLANG_WARN_INT_CONVERSION = YES;
				CLANG_WARN_OBJC_ROOT_CLASS = YES_ERROR;
				CLANG_WARN_UNREACHABLE_CODE = YES;
				CLANG_WARN__DUPLICATE_METHOD_MATCH = YES;
				"CODE_SIGN_IDENTITY[sdk=iphoneos*]" = "iPhone Developer";
				COPY_PHASE_STRIP = YES;
				ENABLE_NS_ASSERTIONS = NO;
				ENABLE_STRICT_OBJC_MSGSEND = YES;
				GCC_C_LANGUAGE_STANDARD = gnu99;
				GCC_WARN_64_TO_32_BIT_CONVERSION = YES;
				GCC_WARN_ABOUT_RETURN_TYPE = YES_ERROR;
				GCC_WARN_UNDECLARED_SELECTOR = YES;
				GCC_WARN_UNINITIALIZED_AUTOS = YES_AGGRESSIVE;
				GCC_WARN_UNUSED_FUNCTION = YES;
				GCC_WARN_UNUSED_VARIABLE = YES;
				IPHONEOS_DEPLOYMENT_TARGET = 8.0;
				METAL_ENABLE_DEBUG_INFO = NO;
				SDKROOT = iphoneos;
				VALIDATE_PRODUCT = YES;
			};
			name = Release;
		};
		75C3DEAD1944D9EE00C6718B /* Debug */ = {
			isa = XCBuildConfiguration;
			buildSettings = {
				ASSETCATALOG_COMPILER_APPICON_NAME = AppIcon;
				ASSETCATALOG_COMPILER_LAUNCHIMAGE_NAME = LaunchImage;
				INFOPLIST_FILE = "DynamicFeedbackSheets/Supporting Files/Info.plist";
				LD_RUNPATH_SEARCH_PATHS = "$(inherited) @executable_path/Frameworks";
				PRODUCT_NAME = "$(TARGET_NAME)";
			};
			name = Debug;
		};
		75C3DEAE1944D9EE00C6718B /* Release */ = {
			isa = XCBuildConfiguration;
			buildSettings = {
				ASSETCATALOG_COMPILER_APPICON_NAME = AppIcon;
				ASSETCATALOG_COMPILER_LAUNCHIMAGE_NAME = LaunchImage;
				INFOPLIST_FILE = "DynamicFeedbackSheets/Supporting Files/Info.plist";
				LD_RUNPATH_SEARCH_PATHS = "$(inherited) @executable_path/Frameworks";
				PRODUCT_NAME = "$(TARGET_NAME)";
			};
			name = Release;
		};
		75C3DEB01944D9EE00C6718B /* Debug */ = {
			isa = XCBuildConfiguration;
			buildSettings = {
				BUNDLE_LOADER = "$(BUILT_PRODUCTS_DIR)/DynamicFeedbackSheets.app/DynamicFeedbackSheets";
				FRAMEWORK_SEARCH_PATHS = (
					"$(SDKROOT)/Developer/Library/Frameworks",
					"$(inherited)",
				);
				GCC_PREPROCESSOR_DEFINITIONS = (
					"DEBUG=1",
					"$(inherited)",
				);
				INFOPLIST_FILE = "DynamicFeedbackSheetsTests/Supporting Files/Info.plist";
				LD_RUNPATH_SEARCH_PATHS = "$(inherited) @executable_path/Frameworks @loader_path/Frameworks";
				METAL_ENABLE_DEBUG_INFO = YES;
				PRODUCT_NAME = "$(TARGET_NAME)";
				TEST_HOST = "$(BUNDLE_LOADER)";
			};
			name = Debug;
		};
		75C3DEB11944D9EE00C6718B /* Release */ = {
			isa = XCBuildConfiguration;
			buildSettings = {
				BUNDLE_LOADER = "$(BUILT_PRODUCTS_DIR)/DynamicFeedbackSheets.app/DynamicFeedbackSheets";
				FRAMEWORK_SEARCH_PATHS = (
					"$(SDKROOT)/Developer/Library/Frameworks",
					"$(inherited)",
				);
				INFOPLIST_FILE = "DynamicFeedbackSheetsTests/Supporting Files/Info.plist";
				LD_RUNPATH_SEARCH_PATHS = "$(inherited) @executable_path/Frameworks @loader_path/Frameworks";
				METAL_ENABLE_DEBUG_INFO = NO;
				PRODUCT_NAME = "$(TARGET_NAME)";
				TEST_HOST = "$(BUNDLE_LOADER)";
			};
			name = Release;
		};
/* End XCBuildConfiguration section */

/* Begin XCConfigurationList section */
		75C3DE901944D9EE00C6718B /* Build configuration list for PBXProject "DynamicFeedbackSheets" */ = {
			isa = XCConfigurationList;
			buildConfigurations = (
				75C3DEAA1944D9EE00C6718B /* Debug */,
				75C3DEAB1944D9EE00C6718B /* Release */,
			);
			defaultConfigurationIsVisible = 0;
			defaultConfigurationName = Release;
		};
		75C3DEAC1944D9EE00C6718B /* Build configuration list for PBXNativeTarget "DynamicFeedbackSheets" */ = {
			isa = XCConfigurationList;
			buildConfigurations = (
				75C3DEAD1944D9EE00C6718B /* Debug */,
				75C3DEAE1944D9EE00C6718B /* Release */,
			);
			defaultConfigurationIsVisible = 0;
			defaultConfigurationName = Release;
		};
		75C3DEAF1944D9EE00C6718B /* Build configuration list for PBXNativeTarget "DynamicFeedbackSheetsTests" */ = {
			isa = XCConfigurationList;
			buildConfigurations = (
				75C3DEB01944D9EE00C6718B /* Debug */,
				75C3DEB11944D9EE00C6718B /* Release */,
			);
			defaultConfigurationIsVisible = 0;
			defaultConfigurationName = Release;
		};
/* End XCConfigurationList section */
	};
	rootObject = 75C3DE8D1944D9EE00C6718B /* Project object */;
}
